
Microsoft Visual Studio Solution File, Format Version 12.00
# Visual Studio Version 17
VisualStudioVersion = 17.14.36310.24
MinimumVisualStudioVersion = 10.0.40219.1
Project("{FAE04EC0-301F-11D3-BF4B-00C04F79EFBC}") = "DatabaseFactoryDemo", "DatabaseFactoryDemo\DatabaseFactoryDemo.csproj", "{8E9E34C6-B696-490C-AE7E-83B959DC3C2A}"
EndProject
Global
	GlobalSection(SolutionConfigurationPlatforms) = preSolution
		Debug|Any CPU = Debug|Any CPU
		Release|Any CPU = Release|Any CPU
	EndGlobalSection
	GlobalSection(ProjectConfigurationPlatforms) = postSolution
		{8E9E34C6-B696-490C-AE7E-83B959DC3C2A}.Debug|Any CPU.ActiveCfg = Debug|Any CPU
		{8E9E34C6-B696-490C-AE7E-83B959DC3C2A}.Debug|Any CPU.Build.0 = Debug|Any CPU
		{8E9E34C6-B696-490C-AE7E-83B959DC3C2A}.Release|Any CPU.ActiveCfg = Release|Any CPU
		{8E9E34C6-B696-490C-AE7E-83B959DC3C2A}.Release|Any CPU.Build.0 = Release|Any CPU
	EndGlobalSection
	GlobalSection(SolutionProperties) = preSolution
		HideSolutionNode = FALSE
	EndGlobalSection
	GlobalSection(ExtensibilityGlobals) = postSolution
		SolutionGuid = {6838F4A6-BB3B-4936-A8D8-E2EB7FB70561}
	EndGlobalSection
EndGlobal
